
Microsoft Visual Studio Solution File, Format Version 12.00
# Visual Studio 15
VisualStudioVersion = 15.0.28307.106
MinimumVisualStudioVersion = 10.0.40219.1
Project("{FAE04EC0-301F-11D3-BF4B-00C04F79EFBC}") = "TeknoLabs.DontBreakTheChain.Core", "TeknoLabs.DontBreakTheChain.Core\TeknoLabs.DontBreakTheChain.Core.csproj", "{95985A98-525D-410E-B029-D7A159B498C9}"
EndProject
Project("{FAE04EC0-301F-11D3-BF4B-00C04F79EFBC}") = "TeknoLabs.DontBreakTheChain.Application", "TeknoLabs.DontBreakTheChain.Application\TeknoLabs.DontBreakTheChain.Application.csproj", "{01161EAE-DA78-47BB-8A40-3A94EC447524}"
EndProject
Global
	GlobalSection(SolutionConfigurationPlatforms) = preSolution
		Debug|Any CPU = Debug|Any CPU
		Release|Any CPU = Release|Any CPU
	EndGlobalSection
	GlobalSection(ProjectConfigurationPlatforms) = postSolution
		{95985A98-525D-410E-B029-D7A159B498C9}.Debug|Any CPU.ActiveCfg = Debug|Any CPU
		{95985A98-525D-410E-B029-D7A159B498C9}.Debug|Any CPU.Build.0 = Debug|Any CPU
		{95985A98-525D-410E-B029-D7A159B498C9}.Release|Any CPU.ActiveCfg = Release|Any CPU
		{95985A98-525D-410E-B029-D7A159B498C9}.Release|Any CPU.Build.0 = Release|Any CPU
		{01161EAE-DA78-47BB-8A40-3A94EC447524}.Debug|Any CPU.ActiveCfg = Debug|Any CPU
		{01161EAE-DA78-47BB-8A40-3A94EC447524}.Debug|Any CPU.Build.0 = Debug|Any CPU
		{01161EAE-DA78-47BB-8A40-3A94EC447524}.Release|Any CPU.ActiveCfg = Release|Any CPU
		{01161EAE-DA78-47BB-8A40-3A94EC447524}.Release|Any CPU.Build.0 = Release|Any CPU
	EndGlobalSection
	GlobalSection(SolutionProperties) = preSolution
		HideSolutionNode = FALSE
	EndGlobalSection
	GlobalSection(ExtensibilityGlobals) = postSolution
		SolutionGuid = {04BEBAD7-5744-4BC3-835E-B8A09E028FC6}
	EndGlobalSection
EndGlobal
